<?xml version="1.0" encoding="utf-8"?>
<Project ToolsVersion="4.0" xmlns="http://schemas.microsoft.com/developer/msbuild/2003">
  <ItemGroup>
    <Filter Include="Source Files">
      <UniqueIdentifier>{4FC737F1-C7A5-4376-A066-2A32D752A2FF}</UniqueIdentifier>
      <Extensions>cpp;c;cc;cxx;def;odl;idl;hpj;bat;asm;asmx</Extensions>
    </Filter>
    <Filter Include="Source Files\Core">
      <UniqueIdentifier>{7fb91b67-770d-4045-a2c8-658ede181116}</UniqueIdentifier>
    </Filter>
    <Filter Include="Source Files\DXUT">
      <UniqueIdentifier>{de8afc55-cdaa-4775-a54d-ff65e2bf86c7}</UniqueIdentifier>
    </Filter>
    <Filter Include="Source Files\Shaders">
      <UniqueIdentifier>{3bbe8251-d89f-4a3b-a372-0932b6a9ca5e}</UniqueIdentifier>
    </Filter>
    <Filter Include="Source Files\Shadow">
      <UniqueIdentifier>{2eb8b2de-7806-41a5-9b6b-91183ad7d779}</UniqueIdentifier>
    </Filter>
    <Filter Include="Source Files\Utility">
      <UniqueIdentifier>{c361cab0-7409-4f31-8080-5aa6aeae1e0f}</UniqueIdentifier>
    </Filter>
    <Filter Include="Header Files">
      <UniqueIdentifier>{93995380-89BD-4b04-88EB-625FBE52EBFB}</UniqueIdentifier>
      <Extensions>h;hpp;hxx;hm;inl;inc;xsd</Extensions>
    </Filter>
    <Filter Include="Header Files\Core">
      <UniqueIdentifier>{a7d0bb6b-e4e6-4ca9-b9bd-a5bfe623fe39}</UniqueIdentifier>
    </Filter>
    <Filter Include="Header Files\Utility">
      <UniqueIdentifier>{6b1f0867-5e4c-49c1-9f87-d0156e3fb05c}</UniqueIdentifier>
    </Filter>
    <Filter Include="Header Files\DXUT">
      <UniqueIdentifier>{49b8359c-f245-4d10-baa4-590af38382f3}</UniqueIdentifier>
    </Filter>
    <Filter Include="Header Files\Shadow">
      <UniqueIdentifier>{b1f44f2e-59ea-4e1a-ba3b-84e34aeca86c}</UniqueIdentifier>
    </Filter>
    <Filter Include="Resource Files">
      <UniqueIdentifier>{67DA6AB6-F800-4c08-8B7A-83BB121AAD01}</UniqueIdentifier>
      <Extensions>rc;ico;cur;bmp;dlg;rc2;rct;bin;rgs;gif;jpg;jpeg;jpe;resx;tiff;tif;png;wav</Extensions>
    </Filter>
  </ItemGroup>
  <ItemGroup>
    <ClCompile Include="GRealtimeViewer.cpp">
      <Filter>Source Files</Filter>
    </ClCompile>
    <ClCompile Include="GRealtimeViewerDoc.cpp">
      <Filter>Source Files</Filter>
    </ClCompile>
    <ClCompile Include="GRealtimeViewerView.cpp">
      <Filter>Source Files</Filter>
    </ClCompile>
    <ClCompile Include="HistoryBar.cpp">
      <Filter>Source Files</Filter>
    </ClCompile>
    <ClCompile Include="InfoBar.cpp">
      <Filter>Source Files</Filter>
    </ClCompile>
    <ClCompile Include="loading.cpp">
      <Filter>Source Files</Filter>
    </ClCompile>
    <ClCompile Include="MainFrm.cpp">
      <Filter>Source Files</Filter>
    </ClCompile>
    <ClCompile Include="OptionPages.cpp">
      <Filter>Source Files</Filter>
    </ClCompile>
    <ClCompile Include="OptionPropertySheet.cpp">
      <Filter>Source Files</Filter>
    </ClCompile>
    <ClCompile Include="PreviewBar.cpp">
      <Filter>Source Files</Filter>
    </ClCompile>
    <ClCompile Include="stdafx.cpp">
      <Filter>Source Files</Filter>
    </ClCompile>
    <ClCompile Include="Core\GCamera.cpp">
      <Filter>Source Files\Core</Filter>
    </ClCompile>
    <ClCompile Include="Core\GConsole.cpp">
      <Filter>Source Files\Core</Filter>
    </ClCompile>
    <ClCompile Include="Core\GGIRLLoader.cpp">
      <Filter>Source Files\Core</Filter>
    </ClCompile>
    <ClCompile Include="Core\GGlobal.cpp">
      <Filter>Source Files\Core</Filter>
    </ClCompile>
    <ClCompile Include="Core\GLight.cpp">
      <Filter>Source Files\Core</Filter>
    </ClCompile>
    <ClCompile Include="Core\GMaterial.cpp">
      <Filter>Source Files\Core</Filter>
    </ClCompile>
    <ClCompile Include="GMesh.cpp">
      <Filter>Source Files\Core</Filter>
    </ClCompile>
    <ClCompile Include="Core\GRenderer.cpp">
      <Filter>Source Files\Core</Filter>
    </ClCompile>
    <ClCompile Include="Core\GServer.cpp">
      <Filter>Source Files\Core</Filter>
    </ClCompile>
    <ClCompile Include="Core\GShader.cpp">
      <Filter>Source Files\Core</Filter>
    </ClCompile>
    <ClCompile Include="DXUT\DXUT.cpp">
      <Filter>Source Files\DXUT</Filter>
    </ClCompile>
    <ClCompile Include="DXUT\DXUTcamera.cpp">
      <Filter>Source Files\DXUT</Filter>
    </ClCompile>
    <ClCompile Include="DXUT\DXUTenum.cpp">
      <Filter>Source Files\DXUT</Filter>
    </ClCompile>
    <ClCompile Include="DXUT\DXUTgui.cpp">
      <Filter>Source Files\DXUT</Filter>
    </ClCompile>
    <ClCompile Include="DXUT\DXUTmisc.cpp">
      <Filter>Source Files\DXUT</Filter>
    </ClCompile>
    <ClCompile Include="DXUT\DXUTres.cpp">
      <Filter>Source Files\DXUT</Filter>
    </ClCompile>
    <ClCompile Include="DXUT\DXUTsettingsdlg.cpp">
      <Filter>Source Files\DXUT</Filter>
    </ClCompile>
    <ClCompile Include="DXUT\DXUTShapes.cpp">
      <Filter>Source Files\DXUT</Filter>
    </ClCompile>
    <ClCompile Include="DXUT\MeshLoader10.cpp">
      <Filter>Source Files\DXUT</Filter>
    </ClCompile>
    <ClCompile Include="DXUT\SDKmesh.cpp">
      <Filter>Source Files\DXUT</Filter>
    </ClCompile>
    <ClCompile Include="DXUT\SDKmisc.cpp">
      <Filter>Source Files\DXUT</Filter>
    </ClCompile>
    <ClCompile Include="Shadow\SoftShadowMap.cpp">
      <Filter>Source Files\Shadow</Filter>
    </ClCompile>
    <ClCompile Include="Utility\bitmask.cpp">
      <Filter>Source Files\Utility</Filter>
    </ClCompile>
    <ClCompile Include="Utility\coloring.cpp">
      <Filter>Source Files\Utility</Filter>
    </ClCompile>
    <ClCompile Include="Utility\ltga.cpp">
      <Filter>Source Files\Utility</Filter>
    </ClCompile>
    <ClCompile Include="Utility\OBJ.cpp">
      <Filter>Source Files\Utility</Filter>
    </ClCompile>
    <ClCompile Include="Utility\ou_thread.cpp">
      <Filter>Source Files\Utility</Filter>
    </ClCompile>
  </ItemGroup>
  <ItemGroup>
    <ClInclude Include="GRealtimeViewer.h">
      <Filter>Header Files</Filter>
    </ClInclude>
    <ClInclude Include="GRealtimeViewerDoc.h">
      <Filter>Header Files</Filter>
    </ClInclude>
    <ClInclude Include="GRealtimeViewerView.h">
      <Filter>Header Files</Filter>
    </ClInclude>
    <ClInclude Include="HistoryBar.h">
      <Filter>Header Files</Filter>
    </ClInclude>
    <ClInclude Include="InfoBar.h">
      <Filter>Header Files</Filter>
    </ClInclude>
    <ClInclude Include="Loading.h">
      <Filter>Header Files</Filter>
    </ClInclude>
    <ClInclude Include="MainFrm.h">
      <Filter>Header Files</Filter>
    </ClInclude>
    <ClInclude Include="OptionPages.h">
      <Filter>Header Files</Filter>
    </ClInclude>
    <ClInclude Include="OptionPropertySheet.h">
      <Filter>Header Files</Filter>
    </ClInclude>
    <ClInclude Include="PreviewBar.h">
      <Filter>Header Files</Filter>
    </ClInclude>
    <ClInclude Include="resource.h">
      <Filter>Header Files</Filter>
    </ClInclude>
    <ClInclude Include="stdafx.h">
      <Filter>Header Files</Filter>
    </ClInclude>
    <ClInclude Include="Core\GCamera.h">
      <Filter>Header Files\Core</Filter>
    </ClInclude>
    <ClInclude Include="Core\GConsole.h">
      <Filter>Header Files\Core</Filter>
    </ClInclude>
    <ClInclude Include="Core\GGIRLLoader.h">
      <Filter>Header Files\Core</Filter>
    </ClInclude>
    <ClInclude Include="Core\GGlobal.h">
      <Filter>Header Files\Core</Filter>
    </ClInclude>
    <ClInclude Include="Core\GLight.h">
      <Filter>Header Files\Core</Filter>
    </ClInclude>
    <ClInclude Include="Core\GMaterial.h">
      <Filter>Header Files\Core</Filter>
    </ClInclude>
    <ClInclude Include="GMesh.h">
      <Filter>Header Files\Core</Filter>
    </ClInclude>
    <ClInclude Include="GMeshSample.h">
      <Filter>Header Files\Core</Filter>
    </ClInclude>
    <ClInclude Include="Core\GRenderer.h">
      <Filter>Header Files\Core</Filter>
    </ClInclude>
    <ClInclude Include="Core\GServer.h">
      <Filter>Header Files\Core</Filter>
    </ClInclude>
    <ClInclude Include="Core\GShader.h">
      <Filter>Header Files\Core</Filter>
    </ClInclude>
    <ClInclude Include="Utility\bitmask.h">
      <Filter>Header Files\Utility</Filter>
    </ClInclude>
    <ClInclude Include="Utility\coloring.h">
      <Filter>Header Files\Utility</Filter>
    </ClInclude>
    <ClInclude Include="Utility\corona.h">
      <Filter>Header Files\Utility</Filter>
    </ClInclude>
    <ClInclude Include="Utility\half.h">
      <Filter>Header Files\Utility</Filter>
    </ClInclude>
    <ClInclude Include="Utility\ltga.h">
      <Filter>Header Files\Utility</Filter>
    </ClInclude>
    <ClInclude Include="Utility\OBJ.h">
      <Filter>Header Files\Utility</Filter>
    </ClInclude>
    <ClInclude Include="Utility\ou_thread.h">
      <Filter>Header Files\Utility</Filter>
    </ClInclude>
    <ClInclude Include="Utility\ptrhashmap.h">
      <Filter>Header Files\Utility</Filter>
    </ClInclude>
    <ClInclude Include="Utility\stdint.h">
      <Filter>Header Files\Utility</Filter>
    </ClInclude>
    <ClInclude Include="Utility\strtok_r.h">
      <Filter>Header Files\Utility</Filter>
    </ClInclude>
    <ClInclude Include="Utility\structures.h">
      <Filter>Header Files\Utility</Filter>
    </ClInclude>
    <ClInclude Include="DXUT\DXUT.h">
      <Filter>Header Files\DXUT</Filter>
    </ClInclude>
    <ClInclude Include="DXUT\DXUTcamera.h">
      <Filter>Header Files\DXUT</Filter>
    </ClInclude>
    <ClInclude Include="DXUT\DXUTenum.h">
      <Filter>Header Files\DXUT</Filter>
    </ClInclude>
    <ClInclude Include="DXUT\DXUTgui.h">
      <Filter>Header Files\DXUT</Filter>
    </ClInclude>
    <ClInclude Include="DXUT\DXUTLockFreePipe.h">
      <Filter>Header Files\DXUT</Filter>
    </ClInclude>
    <ClInclude Include="DXUT\DXUTmisc.h">
      <Filter>Header Files\DXUT</Filter>
    </ClInclude>
    <ClInclude Include="DXUT\DXUTres.h">
      <Filter>Header Files\DXUT</Filter>
    </ClInclude>
    <ClInclude Include="DXUT\DXUTsettingsdlg.h">
      <Filter>Header Files\DXUT</Filter>
    </ClInclude>
    <ClInclude Include="DXUT\DXUTShapes.h">
      <Filter>Header Files\DXUT</Filter>
    </ClInclude>
    <ClInclude Include="DXUT\MeshLoader10.h">
      <Filter>Header Files\DXUT</Filter>
    </ClInclude>
    <ClInclude Include="DXUT\SDKmesh.h">
      <Filter>Header Files\DXUT</Filter>
    </ClInclude>
    <ClInclude Include="DXUT\SDKmisc.h">
      <Filter>Header Files\DXUT</Filter>
    </ClInclude>
    <ClInclude Include="Shadow\SoftShadowMap.h">
      <Filter>Header Files\Shadow</Filter>
    </ClInclude>
  </ItemGroup>
  <ItemGroup>
    <Image Include="res\0.bmp">
      <Filter>Resource Files</Filter>
    </Image>
    <Image Include="res\1.bmp">
      <Filter>Resource Files</Filter>
    </Image>
    <Image Include="res\10.bmp">
      <Filter>Resource Files</Filter>
    </Image>
    <Image Include="res\11.bmp">
      <Filter>Resource Files</Filter>
    </Image>
    <Image Include="res\2.bmp">
      <Filter>Resource Files</Filter>
    </Image>
    <Image Include="res\3.bmp">
      <Filter>Resource Files</Filter>
    </Image>
    <Image Include="res\4.bmp">
      <Filter>Resource Files</Filter>
    </Image>
    <Image Include="res\5.bmp">
      <Filter>Resource Files</Filter>
    </Image>
    <Image Include="res\6.bmp">
      <Filter>Resource Files</Filter>
    </Image>
    <Image Include="res\7.bmp">
      <Filter>Resource Files</Filter>
    </Image>
    <Image Include="res\8.bmp">
      <Filter>Resource Files</Filter>
    </Image>
    <Image Include="res\9.bmp">
      <Filter>Resource Files</Filter>
    </Image>
    <Image Include="res\btn_pause.bmp">
      <Filter>Resource Files</Filter>
    </Image>
    <Image Include="res\btn_pause_hot.bmp">
      <Filter>Resource Files</Filter>
    </Image>
    <Image Include="res\btnPause.png">
      <Filter>Resource Files</Filter>
    </Image>
    <Image Include="res\btnResume.png">
      <Filter>Resource Files</Filter>
    </Image>
    <Image Include="res\btnStop.png">
      <Filter>Resource Files</Filter>
    </Image>
    <Image Include="res\GRealtimeViewer.ico">
      <Filter>Resource Files</Filter>
    </Image>
    <Image Include="res\GRealtimeViewerDoc.ico">
      <Filter>Resource Files</Filter>
    </Image>
    <Image Include="res.ico">
      <Filter>Resource Files</Filter>
    </Image>
    <Image Include="resDoc.ico">
      <Filter>Resource Files</Filter>
    </Image>
    <Image Include="res\ribbonfilelarge.bmp">
      <Filter>Resource Files</Filter>
    </Image>
    <Image Include="res\ribbonfilesmall.bmp">
      <Filter>Resource Files</Filter>
    </Image>
    <Image Include="res\ribbonhomelarge.bmp">
      <Filter>Resource Files</Filter>
    </Image>
    <Image Include="res\ribbonhomesmall.bmp">
      <Filter>Resource Files</Filter>
    </Image>
    <Image Include="res\ribbonicons.bmp">
      <Filter>Resource Files</Filter>
    </Image>
    <Image Include="res\ribbonmain - org.bmp">
      <Filter>Resource Files</Filter>
    </Image>
    <Image Include="res\ribbonmain - text.bmp">
      <Filter>Resource Files</Filter>
    </Image>
    <Image Include="res\ribbonmain.bmp">
      <Filter>Resource Files</Filter>
    </Image>
    <Image Include="res\Toolbar.bmp">
      <Filter>Resource Files</Filter>
    </Image>
  </ItemGroup>
  <ItemGroup>
    <None Include="res\code1.bin">
      <Filter>Resource Files</Filter>
    </None>
  </ItemGroup>
  <ItemGroup>
    <ResourceCompile Include="GRealtimeViewer.rc">
      <Filter>Resource Files</Filter>
    </ResourceCompile>
  </ItemGroup>
  <ItemGroup>
    <CustomBuild Include="Shaders\Daubeches2D.fx">
      <Filter>Source Files\Shaders</Filter>
    </CustomBuild>
    <CustomBuild Include="Shaders\DeferredLighting.fx">
      <Filter>Source Files\Shaders</Filter>
    </CustomBuild>
    <CustomBuild Include="Shaders\SoftShadowMap.fx">
      <Filter>Source Files\Shaders</Filter>
    </CustomBuild>
  </ItemGroup>
</Project>